
Microsoft Visual Studio Solution File, Format Version 12.00
# Visual Studio Version 17
VisualStudioVersion = 17.11.35327.3
MinimumVisualStudioVersion = 10.0.40219.1
Project("{FAE04EC0-301F-11D3-BF4B-00C04F79EFBC}") = "CadastroEventos", "CadastroEventos\CadastroEventos.csproj", "{148790CD-7909-4FC1-9105-CC8A8901C65B}"
EndProject
Global
	GlobalSection(SolutionConfigurationPlatforms) = preSolution
		Debug|Any CPU = Debug|Any CPU
		Release|Any CPU = Release|Any CPU
	EndGlobalSection
	GlobalSection(ProjectConfigurationPlatforms) = postSolution
		{148790CD-7909-4FC1-9105-CC8A8901C65B}.Debug|Any CPU.ActiveCfg = Debug|Any CPU
		{148790CD-7909-4FC1-9105-CC8A8901C65B}.Debug|Any CPU.Build.0 = Debug|Any CPU
		{148790CD-7909-4FC1-9105-CC8A8901C65B}.Debug|Any CPU.Deploy.0 = Debug|Any CPU
		{148790CD-7909-4FC1-9105-CC8A8901C65B}.Release|Any CPU.ActiveCfg = Release|Any CPU
		{148790CD-7909-4FC1-9105-CC8A8901C65B}.Release|Any CPU.Build.0 = Release|Any CPU
		{148790CD-7909-4FC1-9105-CC8A8901C65B}.Release|Any CPU.Deploy.0 = Release|Any CPU
	EndGlobalSection
	GlobalSection(SolutionProperties) = preSolution
		HideSolutionNode = FALSE
	EndGlobalSection
	GlobalSection(ExtensibilityGlobals) = postSolution
		SolutionGuid = {CEAF48AD-FAD2-4E2B-AA79-8EC43CD63E83}
	EndGlobalSection
EndGlobal
